
Microsoft Visual Studio Solution File, Format Version 12.00
# Visual Studio 15
VisualStudioVersion = 15.0.28010.0
MinimumVisualStudioVersion = 10.0.40219.1
Project("{9A19103F-16F7-4668-BE54-9A1E7A4F7556}") = "Clockwork.Api", "Clockwork.Api\Clockwork.Api.csproj", "{0E658581-DB38-4D5B-A7D5-BC53D51E10BB}"
EndProject
Project("{FAE04EC0-301F-11D3-BF4B-00C04F79EFBC}") = "ClockWork.Web", "ClockWork.Web\ClockWork.Web.csproj", "{8E3A0858-B91B-48F0-AADE-D11A68A00C1E}"
EndProject
Project("{FAE04EC0-301F-11D3-BF4B-00C04F79EFBC}") = "ClockWork.Model", "ClockWork.Model\ClockWork.Model.csproj", "{0C20FB06-D279-4EDA-BF54-1564A73ACFBC}"
EndProject
Global
	GlobalSection(SolutionConfigurationPlatforms) = preSolution
		Debug|Any CPU = Debug|Any CPU
		Release|Any CPU = Release|Any CPU
	EndGlobalSection
	GlobalSection(ProjectConfigurationPlatforms) = postSolution
		{0E658581-DB38-4D5B-A7D5-BC53D51E10BB}.Debug|Any CPU.ActiveCfg = Debug|Any CPU
		{0E658581-DB38-4D5B-A7D5-BC53D51E10BB}.Debug|Any CPU.Build.0 = Debug|Any CPU
		{0E658581-DB38-4D5B-A7D5-BC53D51E10BB}.Release|Any CPU.ActiveCfg = Release|Any CPU
		{0E658581-DB38-4D5B-A7D5-BC53D51E10BB}.Release|Any CPU.Build.0 = Release|Any CPU
		{8E3A0858-B91B-48F0-AADE-D11A68A00C1E}.Debug|Any CPU.ActiveCfg = Debug|Any CPU
		{8E3A0858-B91B-48F0-AADE-D11A68A00C1E}.Debug|Any CPU.Build.0 = Debug|Any CPU
		{8E3A0858-B91B-48F0-AADE-D11A68A00C1E}.Release|Any CPU.ActiveCfg = Release|Any CPU
		{8E3A0858-B91B-48F0-AADE-D11A68A00C1E}.Release|Any CPU.Build.0 = Release|Any CPU
		{0C20FB06-D279-4EDA-BF54-1564A73ACFBC}.Debug|Any CPU.ActiveCfg = Debug|Any CPU
		{0C20FB06-D279-4EDA-BF54-1564A73ACFBC}.Debug|Any CPU.Build.0 = Debug|Any CPU
		{0C20FB06-D279-4EDA-BF54-1564A73ACFBC}.Release|Any CPU.ActiveCfg = Release|Any CPU
		{0C20FB06-D279-4EDA-BF54-1564A73ACFBC}.Release|Any CPU.Build.0 = Release|Any CPU
	EndGlobalSection
	GlobalSection(SolutionProperties) = preSolution
		HideSolutionNode = FALSE
	EndGlobalSection
	GlobalSection(ExtensibilityGlobals) = postSolution
		SolutionGuid = {CD808118-2464-4338-8FB3-5C989E21CFF7}
	EndGlobalSection
EndGlobal
